path	sha256	change
tests/accuracy/analysis_oracles/equivalence.tsv	257079f5c434eb4024252d2859500c078dae697d5ffbe205e97be8fff8eacad8	C1
tests/accuracy/analysis_oracles/oracles/__init__.py	132b1c5a4939f694b135788f227371594f0351acf2ae2d2e65e7a5cb2e738c98	C1
tests/accuracy/analysis_oracles/oracles/checkstyle_pmd_adapter.py	bafa62054234713db17d183eee5f1c59a3897e8efbe0e10c258eee84c03b7759	C1
tests/accuracy/analysis_oracles/oracles/clang_adapters.py	7a6232d7af93f7ffc4d25fc37323b08b8d8d0b096d6ae0ead85e2f2bbaf12e04	C1
tests/accuracy/analysis_oracles/oracles/complexipy_adapter.py	c863383944168fd636f0faddbe1c55dbbe5edbde0efef7c85badbae0f93844dd	C7
tests/accuracy/analysis_oracles/oracles/eslint_probe.mjs	944a990858daec3e64894c01ca281d745d3307766594512704d59cc06ddd8cc7	C1
tests/accuracy/analysis_oracles/oracles/go_adapters.py	94059ba5e8a3586d140ee833440b5b7965fcd2f1df3793c65122dd74fea4b2d2	C1
tests/accuracy/analysis_oracles/oracles/lizard_tripwire.py	064863db0870eef53c8449c5b541f02ed9583b6d011e55fad49cb32c0634599b	C1
tests/accuracy/analysis_oracles/oracles/node_oracles.py	5cfa0799a1ec9aa13240d39ae92aef39414e8af16a0a65f6604f3bcb6a49f7de	C1
tests/accuracy/analysis_oracles/oracles/ps_ast.ps1	119ca19f6de1171817d8c316f9244c2c69f3dcae0b3053569a72964a4b830862	C1
tests/accuracy/analysis_oracles/oracles/pscomplexity_adapter.py	a7360198525b7f3169ecbc0b3cc3de8b7bbd08f9bf0f1f78348441d4074a771f	C1
tests/accuracy/analysis_oracles/oracles/py_ast_oracle.py	048197c927ab8256578a1c53dbd97df7aafd4f47762edcfe1fc92d992e51b0cf	C1
tests/accuracy/analysis_oracles/oracles/py_sonar.py	7e0520ff226099dff8c21db76c5f3b5136297f4710a2ba96ece754ceee1d61e1	C7
tests/accuracy/analysis_oracles/oracles/pylint_nesting.py	c7263599f671197a23237f5e4966ccaec6a9f8b24b82fb4f103726b92c09591a	C1
tests/accuracy/analysis_oracles/oracles/radon_mccabe.py	6025808ef4005f64b01ac11087586e28f0fc688f7a96890507a237f6198eb54f	C1
tests/accuracy/analysis_oracles/oracles/rust_adapters.py	03cd0f71d71e931cbbcbbeb8c2fde4c5c9c8acdb433e4d30e554d413aef7f301	C1
tests/accuracy/analysis_oracles/oracles/shellmetrics_adapter.py	d23119a43df5cf4b65c4be40f2a1a0e671509bbe0b78d8cf164c0c4cc30f59f7	C1
tests/accuracy/analysis_oracles/oracles/swiftlint_adapter.py	88cbf52307c4e12eaaef2d53cb76354f6cd5a05d8e0f4e6f012b55d748a4b888	C1
tests/accuracy/analysis_oracles/oracles/symilar_adapter.py	a4488eed84610b6b6a19e30d889494686a0cf5248c56bf24806332a3231393ad	C7
tests/accuracy/analysis_oracles/oracles/tokenize_nloc.py	5c6b21e20ab17bb17982bb7d2f5c38061494616164017658711577e624b2f541	C1
tests/accuracy/analysis_oracles/oracles/treesitter_cognitive.py	c1c4f2b80f30d911d2cdd8ba4ed1c7f7c8ccc4a910c0fc4d6eba38f512383145	C7
tests/accuracy/analysis_oracles/oracles/treesitter_counters.py	5afdc0b3fec5ae92cb7d991c62afbdd9b0d062cdf8ea180c4a4f39e7e32efdb8	C7
tests/accuracy/analysis_oracles/oracles/treesitter_depth.py	643a3fff03765fc44bc0ddb8558f822dfbc9f600f465fc23cdd1c5a20f88b5b4	C1
tests/accuracy/analysis_oracles/oracles/ts_functions.cjs	1feae4cd379249fef91051f1161551008f27bf977e0c570ec37a0482bcee3a17	C1
tests/accuracy/analysis_oracles/probes/c/probes.tsv	462fd7c8aeab5a682b26e40bf756c2d5df497df4eb448fb1d1a2d4c7e4a23441	C1
tests/accuracy/analysis_oracles/probes/cjs/probes.tsv	0ec74f5f024ced91d3cf77eea4244b58c282d9144a4c339c18dd76b41f7e4580	C1
tests/accuracy/analysis_oracles/probes/cpp/probes.tsv	a642a08d297e7d3c921ae3d5cb0fce8fc5bb9713fd999161e979e6696128f011	C7
tests/accuracy/analysis_oracles/probes/go/probes.tsv	26d0687928b859a009fe0884954cb20a6d45e0501073a73e6677a5b67a36ca91	C1
tests/accuracy/analysis_oracles/probes/java/probes.tsv	cf95a4df8914937b2890046c6ba22271dc912a93eca0b2615e2c76a18a17c7d4	C1
tests/accuracy/analysis_oracles/probes/js/probes.tsv	e95e7425090fc1a1213710545da5724c45e0c6f584097e17d97ba0c92912d4ac	C1
tests/accuracy/analysis_oracles/probes/jsx/probes.tsv	8a38167af372466dceb2a42407928083b86c6816f9482fbf07f3cf77ec5116e8	C1
tests/accuracy/analysis_oracles/probes/mjs/probes.tsv	4463427d6764fcd3a211ed097ab1df8b2731f2670f22dc71ea679743d96ba20b	C1
tests/accuracy/analysis_oracles/probes/objc/probes.tsv	499a152f682f1d88c65cbce17407d91baa6e4022657886be86b83a34cb4b8d05	C1
tests/accuracy/analysis_oracles/probes/objcpp/probes.tsv	8631dfbf6587c05a63c98a104b281ef169521f3ae7534434b91bc025d84b0c20	C1
tests/accuracy/analysis_oracles/probes/ps1/probes.tsv	cd01551210cf67dd9242d656e1ff108d6b31d9002a3436cfced73cdd51aab1b3	C7
tests/accuracy/analysis_oracles/probes/py/probes.tsv	86f47a422c009a0deb23ae5364bdd4026de48d30dea4d21e35761e4f24235daa	C1
tests/accuracy/analysis_oracles/probes/rs/probes.tsv	0e487d4e719ac3141c97c4715ff92f105f86cfc988a72483dca8a03059995303	C1
tests/accuracy/analysis_oracles/probes/sh/probes.tsv	69105e9248228cadf87830fe90c18e2210678f1d36736ff7ea30590cef3d3ed1	C1
tests/accuracy/analysis_oracles/probes/swift/probes.tsv	0de28a76b10917ca0003ab3b214457ca9aa76c67382dc540114b406bd61dd509	C7
tests/accuracy/analysis_oracles/probes/ts/probes.tsv	bcd8def8e8587175dade65fa8c04c156ea33e2048afba58e55de4dafa9c96a69	C1
tests/accuracy/analysis_oracles/probes/tsx/probes.tsv	a6867818d77d0687de491b2504d07fa377140f27b585d5b2646d85979d1b3ad9	C1
tests/accuracy/analysis_oracles/probes/vue/probes.tsv	33da9d178e317896f2af14aa522e43e822c6787642986e1bdff4dd242c66110b	C1
tests/accuracy/analysis_oracles/probes/zig/probes.tsv	33568160b4e01473fcf610fab7f7698a361f2e4631baf7c5fee6a7719b497467	C1
tests/accuracy/analysis_oracles/rulings.tsv	9a018e4689f2c5ee742142df7209c5d4fa30eaff759ab36c9d757dc7038e8604	C7
tests/accuracy/change_control/oracles/eslint_values.cjs	fc163a78503c6390645e9b226e905ba57ac7c689f0c4107398eada42bf8c2fab	C1
tests/accuracy/corpus_goldens/goldens/full.tsv	c735c2005a7a603987511c9c1021ecf8d367ae9ac6491eaec593ef4dc9da57d8	C7
tests/accuracy/corpus_goldens/goldens/history/brief.json	1fc728acaafaefbf405f34037b4bccd882a76014f80ae2717f2a97376f7b5540	C7
tests/accuracy/corpus_goldens/goldens/history/coupling.json	d04a1292a5d74e7c21256ce6b7e8d52916f1f442b37653bd179c8ba868e0206f	C1
tests/accuracy/corpus_goldens/goldens/history/coverage.json	d66746ca774ee2847440f3f2a8f1f817dd65f11ecda7355085a5afa45af53ef3	C7
tests/accuracy/corpus_goldens/goldens/history/coverage.json.stderr	eb82edbd1cc3971f265f6f32dbf99cbf05833371f5cc1123025df0f29d701d8f	C1
tests/accuracy/corpus_goldens/goldens/history/coverage.sarif	f339ea75079022221f6f30cce61ce1a215bcf8028468ee7b15b3bcb2bf3745b1	C2
tests/accuracy/corpus_goldens/goldens/history/doctor.json	08460bc0e926454e2881e53bdb83f49ba37381e22ca01c6f724035dfea36b37b	C7
tests/accuracy/corpus_goldens/goldens/history/duplication.json	0915248c4d57fd34cfa813e35fbf9520382726e910aaac4540914a368bad1cb9	C1
tests/accuracy/corpus_goldens/goldens/history/inventory.tsv	0d9532c1badcb5c3da0cf8b71893f703dfef1afad1e8badad0c56211120a247e	C7
tests/accuracy/corpus_goldens/goldens/history/inventory.txt	0f7e00d290e593c56aef89af360ab1b5bd60bce612a864a2f96e0fc41999f70b	C7
tests/accuracy/corpus_goldens/goldens/history/inventory.txt.stderr	79eee68b22ccd87ab7f8d5ad8e3adad0581f0594858d00707d57d569483bbb8a	C1
tests/accuracy/corpus_goldens/goldens/history/next-item.json	ac568b0311eb7e005d8f2b93d4b38a2b31603b41dd8b597a4c76737bcdeff1f8	C7
tests/accuracy/corpus_goldens/goldens/history/report.html	ed206a85238650bd1ef0bd4d88528904421ccebf75531fc2dbc06053a095ddca	C7
tests/accuracy/corpus_goldens/goldens/history/report.txt	9e2cc81b41fb522d6f49e527567ecfd6a9c2bae5074bad9cd486159fb3fc9560	C1
tests/accuracy/corpus_goldens/goldens/history/runs.json	595f2f0e170dbd883dbe4d3674e1db49b681827b6c61dd526238640420cfddb5	C1
tests/accuracy/corpus_goldens/goldens/history/scored.tsv	e67b18c519e12f2115a4b74fdbe7fbb43a3ccf624f7a09acffeee5ce80a190c9	C7
tests/accuracy/corpus_goldens/goldens/history/trend.json	f1888e304e0e8f1b5714ea6d8f83ad67e243f36ba5d0b4e2a5c806d31b253177	C7
tests/accuracy/corpus_goldens/goldens/history/worklist.json	4f106c434a95f876ceee93f5abe0ece632a6285c4452f11ef612e73dc0b28171	C2
tests/accuracy/corpus_goldens/goldens/history/worklist.txt	cc80e5bcb8599ecb42e42334ba6aaf7bdeffc7ec8a065185dc2e7e39f7701e3c	C2
tests/accuracy/corpus_goldens/goldens/printed/posix.tsv	e04fb5c50c7b588c883be98aea7f1c45aeb3b2e74768b4ad5c28f7cc8b43f500	C1
tests/accuracy/corpus_goldens/goldens/printed/win32.tsv	62b087134e788d6d3c43ce4505794cc2bb325feaee356962b1c470ee9c0a3b2d	C1
tests/accuracy/corpus_goldens/goldens/session/baseline.tsv	746fb7dcf3858c1a18679add905ffee23b3245404e1bf691c451176b9f4838b3	C7
tests/accuracy/corpus_goldens/goldens/session/brief-batch.json	ba462d13a12b854f64b75149cf5915aa8f735b770bc0582919756d50aacc9210	C7
tests/accuracy/corpus_goldens/goldens/session/brief-twin.json	2b52c8df8b98831e57c91ef54c6a840580c1858af636829fbd764822af1651a1	C7
tests/accuracy/corpus_goldens/goldens/session/brief.json	ad018bec94952f632e95b94ff5f148955cb836eafa30ba3e1110d8c77c75e17c	C7
tests/accuracy/corpus_goldens/goldens/session/changed.z	be43478362f3b0f27da6b1fc39db7e30fbe3bf73537544ca156ad306cf4b2698	C1
tests/accuracy/corpus_goldens/goldens/session/claims.json	895a57c174c0fc3064b67206ca6d6292372d6fa60fc9f2cdd83f891cdc3c284d	C1
tests/accuracy/corpus_goldens/goldens/session/cli-check_config.json	1bdfbb072fb9e44fd733f27ec367ed27af297e0a774f32c73436ecc1011c5b39	C7
tests/accuracy/corpus_goldens/goldens/session/cli-check_gate.json	b1462ad48feda59087f46367ee0025e74c2ef23359c1572c1d6af5673a5f7cae	C1
tests/accuracy/corpus_goldens/goldens/session/cli-get_function_brief-unknown.json	2cceb32c47b2fa8a0be366b36f2e05b26d6ff468bc166e107ba3ab30e0b1c865	C1
tests/accuracy/corpus_goldens/goldens/session/cli-get_function_brief-unknown.json.stderr	1e170c1f4e9558c1fcb7c3abb5ae9a87809e552d64f23cfa0f675dc640a2c7ab	C1
tests/accuracy/corpus_goldens/goldens/session/cli-get_function_brief.json	ad018bec94952f632e95b94ff5f148955cb836eafa30ba3e1110d8c77c75e17c	C7
tests/accuracy/corpus_goldens/goldens/session/cli-get_function_history-flags.json	6e7862a3d6c0f90f73740573b954556caadbf5d21fa2a513dc843e4de9717b62	C1
tests/accuracy/corpus_goldens/goldens/session/cli-get_function_history.json	31362bc94c3c0652b35f83f231d8681e394931b89f17c027685e825458c4b104	C1
tests/accuracy/corpus_goldens/goldens/session/cli-get_next_item-arrays.json	d6ee53a92b37c96df041d2c42d19eeac229ee1c9896b4287b2f350c475d8bfd4	C1
tests/accuracy/corpus_goldens/goldens/session/cli-get_next_item.json	cc7fb265a1588eab81a3359a96835b5240fe649efae7268c236d526c9951a2aa	C7
tests/accuracy/corpus_goldens/goldens/session/cli-get_ratchet_report.json	d4865e22e2366efa0b4af60179319fe2b03a37fb5d36488db33d902d806775d4	C1
tests/accuracy/corpus_goldens/goldens/session/cli-get_trend.json	9cdc521156aec1ef84ae3a0b8c3e14f9eb84a3e352102804b7e8aff2c08a8852	C7
tests/accuracy/corpus_goldens/goldens/session/cli-list_claims.json	895a57c174c0fc3064b67206ca6d6292372d6fa60fc9f2cdd83f891cdc3c284d	C1
tests/accuracy/corpus_goldens/goldens/session/cli-list_coupled_files-min.json	25a61969261168efe52e8293f4dd8869beb0a9af04b5848ac87880661fc29190	C1
tests/accuracy/corpus_goldens/goldens/session/cli-list_coupled_files.json	25a61969261168efe52e8293f4dd8869beb0a9af04b5848ac87880661fc29190	C1
tests/accuracy/corpus_goldens/goldens/session/cli-list_duplicate_functions-similarity.json	8cf21af69896ac50b5e70620606b8b0e632899c941057b9710462eed10f94f24	C1
tests/accuracy/corpus_goldens/goldens/session/cli-list_duplicate_functions.json	0915248c4d57fd34cfa813e35fbf9520382726e910aaac4540914a368bad1cb9	C1
tests/accuracy/corpus_goldens/goldens/session/cli-list_runs.json	c919cf7ed0b0695c09d42b1f56ad95d171cf27f52f5f5bfb0bbb1c93d6b21c4f	C1
tests/accuracy/corpus_goldens/goldens/session/cli-list_worklist-scopes.json	c74118ba8f2554957a3035f60abe9029a4b7a64703a217c85fdab69abec8b1b7	C1
tests/accuracy/corpus_goldens/goldens/session/cli-list_worklist.json	cd7ea9a0477034be3973e6eb822bd2f0d9646a3e0fc1e2c64fa38fe1748523b7	C1
tests/accuracy/corpus_goldens/goldens/session/coupling.json	25a61969261168efe52e8293f4dd8869beb0a9af04b5848ac87880661fc29190	C1
tests/accuracy/corpus_goldens/goldens/session/coverage-2.json	f8b2779269a96ca6fada241265e8a54844a0b4c2d6399599f6ce58e9ddaed30e	C7
tests/accuracy/corpus_goldens/goldens/session/coverage-2.json.stderr	eb82edbd1cc3971f265f6f32dbf99cbf05833371f5cc1123025df0f29d701d8f	C1
tests/accuracy/corpus_goldens/goldens/session/digest-after.txt	9184c68a1e8beb3449f1aa0d4b2673766c30c58c69ee8b021777b2f78243b8e6	C7
tests/accuracy/corpus_goldens/goldens/session/doctor.json	1bdfbb072fb9e44fd733f27ec367ed27af297e0a774f32c73436ecc1011c5b39	C7
tests/accuracy/corpus_goldens/goldens/session/explain-history.json	beff27f67079c6d4e9d89cc6f401649cbe9592547bc722e1c105038b86737de1	C1
tests/accuracy/corpus_goldens/goldens/session/explain.json	5433664f89c636a46b0516b60b41719b24cb11f570cd6f86e08a42357848b438	C1
tests/accuracy/corpus_goldens/goldens/session/gate.json	b1462ad48feda59087f46367ee0025e74c2ef23359c1572c1d6af5673a5f7cae	C1
tests/accuracy/corpus_goldens/goldens/session/mcp-check_config.json	e133c0da53590f6eadab72e51cf03782db42ac9944b214d9c53ea1e7871ea5ee	C7
tests/accuracy/corpus_goldens/goldens/session/mcp-check_gate.json	3db777add38485685c0c626a4018090cef5a748b80143dc910284d69c5393e99	C1
tests/accuracy/corpus_goldens/goldens/session/mcp-get_function_brief-unknown.json	82e3d9b8692e49b1970ee4f680b8cc63aa047a440d2045dd0edd9fdc912d281f	C1
tests/accuracy/corpus_goldens/goldens/session/mcp-get_function_brief.json	1dac3d5ddd3c694833abd77ff95c30ed4d6757def3808eea8da830c8072ecc30	C7
tests/accuracy/corpus_goldens/goldens/session/mcp-get_function_history-flags.json	de291bb099354fcac20c26ce41a5d82b17afae854005757099c2e56bcff992ab	C1
tests/accuracy/corpus_goldens/goldens/session/mcp-get_function_history.json	070641a37b188230f6a38b6dd1ac08910ec63bdc44a638489a3fabc86b11dcda	C1
tests/accuracy/corpus_goldens/goldens/session/mcp-get_next_item-arrays.json	5053f2930ac29c601b4a832e68c7c99311e407e9d97940364c67cc0cc641bb75	C1
tests/accuracy/corpus_goldens/goldens/session/mcp-get_next_item.json	872ae4994702b1a1b6f156066c0318e9ce7bd77200b702b7f64f4fdfb2114f06	C7
tests/accuracy/corpus_goldens/goldens/session/mcp-get_ratchet_report.json	c285f9d4be13dd0fb8a36454c1d7f1231b5948d53d5b5d06be84277097b92aea	C1
tests/accuracy/corpus_goldens/goldens/session/mcp-get_trend.json	334b9c1da78759aafef316ec4844f3fb413c0f2ac6bcb357feb8dea37e661e55	C7
tests/accuracy/corpus_goldens/goldens/session/mcp-list_claims.json	3b5c1a2d5e664181b5472032b5d36b041c7e84f22bc453bec015cf7c6f32d714	C1
tests/accuracy/corpus_goldens/goldens/session/mcp-list_coupled_files-min.json	c65bf522ae26a5d4129ce68a8d84bcd2585cf575f804a151d8a8b7addd77b733	C1
tests/accuracy/corpus_goldens/goldens/session/mcp-list_coupled_files.json	c65bf522ae26a5d4129ce68a8d84bcd2585cf575f804a151d8a8b7addd77b733	C1
tests/accuracy/corpus_goldens/goldens/session/mcp-list_duplicate_functions-similarity.json	374ed7a0bbb81e8050b7c379de5d6ab2c25bc177f45dbfbe5ea32b67c599a28f	C1
tests/accuracy/corpus_goldens/goldens/session/mcp-list_duplicate_functions.json	9806e7f1de1ea8e959e11323947efcb6723fcfbe42e14378679d85487666ca0a	C1
tests/accuracy/corpus_goldens/goldens/session/mcp-list_runs.json	3ccd2506247618c77e8a1eed0107710160901cae6a22dc33369e07e68fc54cac	C1
tests/accuracy/corpus_goldens/goldens/session/mcp-list_worklist-scopes.json	6c7a5f21c8e55b6b92114db4ffd79c7b3c20e696978af932d2f7eff42d9f7b08	C1
tests/accuracy/corpus_goldens/goldens/session/mcp-list_worklist.json	ed0ca7d71900f253f4969b9a836a144fd4e5e83b581f417b9ea162ccdca25af0	C1
tests/accuracy/corpus_goldens/goldens/session/next-item-top.json	f34e1691c183c2eea63cb8685dd87fbc2558e9e7b72ff13919292173a62e192d	C7
tests/accuracy/corpus_goldens/goldens/session/overrides.json	319edc148d02fd2f4b094b66e76b69cd535bd9242bd75b09d8e01c20e19e7376	C1
tests/accuracy/corpus_goldens/goldens/session/pr-comment.md	78800758b3d6bbb40ba7e0b6771a6e80beff32e3760b4d6f1790271731efbd78	C7
tests/accuracy/corpus_goldens/goldens/session/pr-comment.request.json	09cf16757c66facd5f4816ff8f8416b33ac0fbdbe18eea4e30883b96893fe692	C7
tests/accuracy/corpus_goldens/goldens/session/ratchet-report.json	d4865e22e2366efa0b4af60179319fe2b03a37fb5d36488db33d902d806775d4	C1
tests/accuracy/corpus_goldens/goldens/session/ratchet.tsv	9f8cc9e3b7d16f351205ca68b100a97c4f7e4a191e6c145a5a3c2e4ea4bff552	C7
tests/accuracy/corpus_goldens/goldens/session/refusal-name.json	2cceb32c47b2fa8a0be366b36f2e05b26d6ff468bc166e107ba3ab30e0b1c865	C1
tests/accuracy/corpus_goldens/goldens/session/refusal-name.json.stderr	1e170c1f4e9558c1fcb7c3abb5ae9a87809e552d64f23cfa0f675dc640a2c7ab	C1
tests/accuracy/corpus_goldens/goldens/session/refusal-scope.json	2a3380fa89f12357b0e2726498907da94ca86de05d2db3c48f78b4c0936fbc89	C1
tests/accuracy/corpus_goldens/goldens/session/refusal-scope.json.stderr	1f9ce4ad3a49afd67f1fbaf02ed389ba3ea1177707b9ef7edb98107637d20f19	C1
tests/accuracy/corpus_goldens/goldens/session/rescore.json	e82c43b3c59cbb8fe63e3a67170293c4dbd7d577feb34a72664aa98877770734	C1
tests/accuracy/corpus_goldens/goldens/session/runs-after.json	a88caea327e87b91083fc261918a0201a0c28867493c78269e62fd418ffbf6c8	C1
tests/accuracy/corpus_goldens/goldens/session/seed.txt	6e23b15b102629a3540cb45abbd8d92017a28df6bb2f4080a41c94fd3cc93e05	C1
tests/accuracy/corpus_goldens/goldens/session/trend-after.json	85aac09f2b7582bf4173085491fb88689557a0e934f9ccf28c35ee61345d1435	C7
tests/accuracy/corpus_goldens/goldens/session/verify-github.txt	f04237ee062631ce52a7d740f10c10f898bed8a43016e67d405b1fc7f8a33f8b	C1
tests/accuracy/corpus_goldens/goldens/session/verify-github.txt.stderr	f62b486b08c013aed8a1d09c4e98ce4cf50def4749d739132b6ec382eb522195	C1
tests/accuracy/corpus_goldens/goldens/session/verify.json	c764a4fac2b6dd7d3eba4a09b94173dd9b788b024006541014ce61ddb27833a8	C7
tests/accuracy/corpus_goldens/goldens/session/verify.json.stderr	f62b486b08c013aed8a1d09c4e98ce4cf50def4749d739132b6ec382eb522195	C1
tests/accuracy/corpus_goldens/goldens/session/verify.sarif	c0a02289dcbe4ba280830c41ddbee54f3f1c86aa25be30f1d8aecb9f602612ff	C2
tests/accuracy/corpus_goldens/goldens/session/worklist-after.json	27446e3910532db0f7235834c343adf4b9b79e70dfa7dbbc0f2481f59410c9cf	C7
tests/accuracy/corpus_goldens/goldens/session/worklist-batches.json	6a980f55a8aaf69244dab292142c082fb1e66b819099c757979bcc0741e01430	C7
tests/accuracy/corpus_goldens/goldens/small/coverage.json	71e748e704dee6430ee2e7aa3421a9864e1b7b8680887eba9310d953913cef38	C7
tests/accuracy/corpus_goldens/goldens/small/coverage.json.stderr	eb82edbd1cc3971f265f6f32dbf99cbf05833371f5cc1123025df0f29d701d8f	C1
tests/accuracy/corpus_goldens/goldens/small/coverage.sarif	f339ea75079022221f6f30cce61ce1a215bcf8028468ee7b15b3bcb2bf3745b1	C2
tests/accuracy/corpus_goldens/goldens/small/doctor.json	1bdfbb072fb9e44fd733f27ec367ed27af297e0a774f32c73436ecc1011c5b39	C7
tests/accuracy/corpus_goldens/goldens/small/duplication.json	0915248c4d57fd34cfa813e35fbf9520382726e910aaac4540914a368bad1cb9	C1
tests/accuracy/corpus_goldens/goldens/small/inventory.tsv	0d9532c1badcb5c3da0cf8b71893f703dfef1afad1e8badad0c56211120a247e	C7
tests/accuracy/corpus_goldens/goldens/small/inventory.txt	3b930988cd7ba1bccf3f39c53a2e1eba6d1e54f48720c9b8497a040d8789f426	C7
tests/accuracy/corpus_goldens/goldens/small/inventory.txt.stderr	79eee68b22ccd87ab7f8d5ad8e3adad0581f0594858d00707d57d569483bbb8a	C1
tests/accuracy/corpus_goldens/goldens/small/next-item.json	a40dc03fc71aa510416899c4a95eac3573f043a2fa36046d8793ca9ca0e3bbc8	C7
tests/accuracy/corpus_goldens/goldens/small/report.html	d8a6181670e72cecd94f28ffa9d46240d4bfde25a8535bb02dd65da392e5642e	C7
tests/accuracy/corpus_goldens/goldens/small/report.txt	9e2cc81b41fb522d6f49e527567ecfd6a9c2bae5074bad9cd486159fb3fc9560	C1
tests/accuracy/corpus_goldens/goldens/small/runs.json	c919cf7ed0b0695c09d42b1f56ad95d171cf27f52f5f5bfb0bbb1c93d6b21c4f	C1
tests/accuracy/corpus_goldens/goldens/small/scored.tsv	e67b18c519e12f2115a4b74fdbe7fbb43a3ccf624f7a09acffeee5ce80a190c9	C7
tests/accuracy/corpus_goldens/goldens/small/trend.json	9cdc521156aec1ef84ae3a0b8c3e14f9eb84a3e352102804b7e8aff2c08a8852	C7
tests/accuracy/corpus_goldens/goldens/small/worklist.json	748ff0b89fdc50cb057c6e9c3c83cbfd06f7e3d13c89e65d3f133a0fbb21d059	C7
tests/accuracy/corpus_goldens/goldens/small/worklist.txt	75d115d9e23a46a18cb5f0fdbac0dd74556a9373da468191dbce04263e7d5c53	C7
tests/accuracy/corpus_goldens/oracles/__init__.py	e3b0c44298fc1c149afbf4c8996fb92427ae41e4649b934ca495991b7852b855	C1
tests/accuracy/corpus_goldens/oracles/corpus_counts.py	974c333fbe3787e1058e0a3edaaf78bf1ba3a788b056e5b29bca15a01fbc828f	C3
tests/accuracy/corpus_goldens/rulings.tsv	c88f280756f2eca9dcc1711a2529dcef72718e3ed3d9fe2e6cdaf15ea8f9f77e	C5
tests/accuracy/coverage_oracles/probes/js/ground_truth.tsv	a7e7dd1e56f7701810a6ec790e0538b0d1dcd1165571c4b23f2b372b6f045a59	C1
tests/accuracy/coverage_oracles/probes/jsx/ground_truth.tsv	c3dc9d3fbca8156fe51a9b7b23dabe4fe22c519e489eb475581a564f2e0971a6	C1
tests/accuracy/coverage_oracles/probes/mjs/ground_truth.tsv	61673c3ede91fbaa2393f86fc85b318fac17ffd10eed0fcd6af7cf64aaa45967	C1
tests/accuracy/coverage_oracles/probes/py/ground_truth.tsv	86ed84b16580df8b71c0b7ebe3c0456eecd38258747a7616a2c5845487eebc3e	C1
tests/accuracy/coverage_oracles/probes/ts/ground_truth.tsv	7ed801e34a9b13ddba1519195ae1a84558bc6ffc3e092f2b15ce6eefa73f1ad3	C1
tests/accuracy/coverage_oracles/probes/tsx/ground_truth.tsv	27c94120e7d2a957171525858331b7aeeb0795be5018c290b4efbc2382292737	C1
tests/accuracy/coverage_oracles/probes/vue/ground_truth.tsv	bff576172d1f3e0e2934a7c9fb1076cfa675afa0c59b4e08b2de4e74271494f5	C1
tests/accuracy/coverage_oracles/rulings.tsv	ef1b150bd148f3b1bf6691d0033aa5c76aa253edb5c6b677ab9061b47d033ce7	C2
tests/accuracy/definitions/definitions.tsv	380a88f96c0b379e7f3816d40c6953a29091f1cb0d654dece881747de0fcb294	C7
tests/accuracy/definitions/rulings.tsv	97554373644ace0fe714b5169b0a652dae623cda802b8d91e9ba9c2e24e5d1ef	C2
tests/accuracy/history_oracles/hand_burn_down.tsv	99d0e8708407711de9cc0277ab3d7b60a4e3849878cfa6c40b9c54402a9a9525	C1
tests/accuracy/history_oracles/hand_gated.tsv	1334da2d16d9f5641c0f9aaa9111559288b7f50b5afb612e3c9ca412f3e9b50e	C1
tests/accuracy/history_oracles/hand_pairs.tsv	5d08f0e08ffbef0c672e654a2299158aeb53c309b3b03c2f01ca25f958b100ca	C1
tests/accuracy/history_oracles/hand_ranges.tsv	a8934a43c226552d02535f876bc35752f020a323d870bd22b5948c28496c074f	C1
tests/accuracy/history_oracles/hand_renames.tsv	aa7e2cf0fbf07b95bbb8e47bb0294eb9281bbfef57a5ddfd7068ae509050a01e	C1
tests/accuracy/history_oracles/hand_weights.tsv	05b7ab71eaebe4fd701f3e794d3e952ff0314216f2fcefe54566e4ae03cefbd5	C1
tests/accuracy/history_oracles/oracles/__init__.py	aa5a3875a091332210ab670760a05dcb10593f138fc2a618928e11863564b041	C1
tests/accuracy/history_oracles/oracles/bugspots_adapter.rb	69a469ade51f31af4b841e0b2b98319196f1d1ff630df3cce002409e571dcbec	C1
tests/accuracy/history_oracles/oracles/bugspots_runner.py	f3880eea83f590580812847aa7e9b5aaeea064ebf828d2bb97e252bfbd22643e	C1
tests/accuracy/history_oracles/oracles/code_maat.py	0ed6089acd166ffe97b082661f97ffcdc7b7c05654a6338643757066d584cd69	C1
tests/accuracy/history_oracles/oracles/git_walk.py	9544b3632eb3b941f7143c641422e30bcef5b4a2395b5327bd2a11dcd249a418	C3
tests/accuracy/history_oracles/oracles/history_git.py	b014f57e237fcc756bbbf289f5ca5205b8eb2cd8be617e095db829d20aa6c564	C1
tests/accuracy/history_oracles/oracles/marks_history_walk.py	d69e696d5032cb83e1c7e799e97bc120c9f70b3b7760bc74c34260da355e2fa0	C1
tests/accuracy/history_oracles/oracles/mlxtend_adapter.py	acd6e4e470fb71c4a5092400ff896d4d3ea560d295eb1fab70dc7dfffbec20cf	C1
tests/accuracy/history_oracles/oracles/pair_count.py	946ffd873419e58b79ae7be026bdcdfab72f4647116147fef261b480727e2bc5	C1
tests/accuracy/history_oracles/oracles/pydriller_adapter.py	01297da57a70127c75913bff1d6369d19814ce53b1653f0ee6000dc2737eb4b1	C3
tests/accuracy/history_oracles/oracles/pygit2_hunks.py	a52422182ab134416130194790197fd51eab1425a8494a0830885580d79669ce	C1
tests/accuracy/history_oracles/oracles/pygit2_log.py	e8d0b26f61b0df048b8ddcb17a30f2a7e0d8f2ccf3b1b75e125892d6e90b08b1	C1
tests/accuracy/history_oracles/oracles/pygit2_renames.py	0546cf8d9ca729f4db02221fdb4d4c49c6e1339ec9859c2c17ad69c637f35696	C1
tests/accuracy/history_oracles/oracles/unidiff_ranges.py	d4af22e0bd3cb2ab841cea645657d4dcd1b80a603d28860528624bcf16f85c05	C1
tests/accuracy/history_oracles/rulings.tsv	a142d5bbb7c226246e2875e25cd0c0aada3ea4ef0face704f1281e9581caf619	C2
tests/accuracy/runtime_guards/rulings.tsv	3cdd8455b97e13d147b501f27731caa49650dc6db1888e6f5e271fcaee3b48c3	C2
tests/accuracy/score_model/hand_d5_ties.tsv	f96bf6fde14ca2596f722a93eee714641c81c271ddec8e7e9d034dc1a125cfb3	C2
tests/accuracy/score_model/hand_score.tsv	2280ded7283ca7a047655495325d3b8f6d9813fc0027b7ede9d2f96aedebcf98	C2
tests/accuracy/score_model/oracles/__init__.py	39095e5f11b6e21f2636fef535301789fda59173ca802410b8567672ae68911e	C1
tests/accuracy/score_model/oracles/cargo_crap.py	5864d671a0332592be1040843d25b801f0491933112cdc933b3d17ec7927cfd9	C1
tests/accuracy/score_model/oracles/coverage_counts.py	724b03a55ab7d898c55e93d3409de0d0f3bd94f437b8cd6cb0ff4fe45e1e0bd4	C1
tests/accuracy/score_model/oracles/crap_typescript.py	eff5651766579a9e85b513bf38e5fd064a2f826d0a613946f0dd0587aab1b5d0	C1
tests/accuracy/score_model/oracles/crap_typescript_scores.mjs	cfbeb59dd38bfd2bcc7ad7cc2ffe9cdfd57ba89c230af0c0c28fa4ba85ee1d81	C1
tests/accuracy/score_model/oracles/makespan.py	717ac56065e1d488fd249c7c0d653c90a466b5a0be77313ef5115e5babae8997	C1
tests/accuracy/score_model/oracles/phpunit_crap_index.py	5a8d6c8458c9538df5df40ab88a4b3b4dabe43c854c74ae18a897ac5fbad2411	C1
tests/accuracy/score_model/rulings.tsv	3f76371cf959ca6dccf78823788e15c405aeeca55babce4cc288a76860d97ee2	C2
tests/accuracy/suite_strength/retro/probes/R06.py	5e9ed9d2b7c40376e4d27788aa15508691ebffcedec900131cb39c252ee53ec9	C6
tests/accuracy/suite_strength/retro/probes/R102.py	4209580990ba1381bfb276202cadd70900a2f20bc10765f724ea60630ae5a51d	C1
tests/accuracy/suite_strength/retro/probes/R11.py	2b808a72c6cabf045e2f8eaf628c5f55c4372f2605b9fb0a88271c18ce3d682e	C6
tests/accuracy/suite_strength/retro/probes/R112.py	6c12066113c245a239cabaf7058878d4914294ef13055b2059eb0aef53c0d20f	C1
tests/accuracy/suite_strength/retro/probes/R120.py	aff00451b48f19ecacf730eaff7c3d2d9dcfe224ee5ec6cb82eff0d982a55983	C1
tests/accuracy/suite_strength/retro/probes/R131.py	d592aff024c57a036357ac57b7c569e903e6320565271e1cfdb5ede2b1e40499	C1
tests/accuracy/suite_strength/retro/probes/R136.py	3d0a930a3352be39a0a6eb3d7de151fc9c02f09a81135fae60bb3b7f8564072e	C1
tests/accuracy/suite_strength/retro/probes/R14.py	e1bc7eff2634c894f021ae2a2210092a41fc34aea22697f89c7bbc936099eb8f	C1
tests/accuracy/suite_strength/retro/probes/R140.py	716df0a32ef5597524475469a023c337d4356e6ef6bd1e0016494296a80b330c	C1
tests/accuracy/suite_strength/retro/probes/R144.py	0bf70285b6b115ab2a5eb8d5b3c503bdb97f9af3448ec68a6e1fbad8d2d86c40	C1
tests/accuracy/suite_strength/retro/probes/R145.py	bb9a1f8fd36e01f498f6b2185c9e49c3eb67c83997027184587ee64930f12a9a	C1
tests/accuracy/suite_strength/retro/probes/R149.py	162530238ad190f741d39b0c09d2db06e40bea8569f5cd40fcb0d1c176946ff6	C1
tests/accuracy/suite_strength/retro/probes/R153.py	1368279abaf21d93240d040506d3b5d9f51fc98010312fc251a9c1c7197b99e2	C1
tests/accuracy/suite_strength/retro/probes/R16.py	64d89ec1c4ca5ae9f3f6ffb7c32d3a41414796bce9a303d9ee4dfdcdb16540b9	C1
tests/accuracy/suite_strength/retro/probes/R168.py	5238e3fc46b7a0900edcd3958a1b692a48508c73af32eaf837f6f831b872a143	C1
tests/accuracy/suite_strength/retro/probes/R169.py	35e0dd28b556bb3238fbc82a0f9f02b05256be167c359fdbc43e86ecec59aa37	C1
tests/accuracy/suite_strength/retro/probes/R170.py	cd0d316082a341c5a2f00758b519f656d49492874c7ea900528fb5c61e3ce8a2	C1
tests/accuracy/suite_strength/retro/probes/R22.py	34511472c5db63f7278d1a15fa818e955d269c2651903658ef564405704ab5d8	C1
tests/accuracy/suite_strength/retro/probes/R23.py	8ca9fcde468429fcc6e495083ef9ac832bbc1d7d86c4c72a63c398ad94998566	C1
tests/accuracy/suite_strength/retro/probes/R33.py	2afa6d1f9acb87c6105b574b4c9bbe9c01819556faab88eceae90b84a071c6ff	C1
tests/accuracy/suite_strength/retro/probes/R39.py	3589c8b29985684188221bb4a4884e7844ac0821d3e8144cdb44c1845f6bf32a	C1
tests/accuracy/suite_strength/retro/probes/R57.py	98d603e57d4f0cab3de8c8ec2170663e01e94ae6395c4966dbfcd36f36e977c9	C1
tests/accuracy/suite_strength/retro/probes/R69.py	e9dea5342d9d2a7ebfc62bb477fb26ac9229787400a7085656ad5db68db59110	C1
tests/accuracy/suite_strength/retro/probes/R97.py	6d21113b7c8a010efecd808c15a8d9a0085fa909357e6c4831b8737a40065d8e	C1
tests/accuracy/suite_strength/rulings.tsv	89da6a0cefea6a590ccb16c61888cbfb13faa448576246085d685a1d554426f0	C2
tests/accuracy/verdict_model/hand_exit.tsv	a93b5845bf6bc6fc8189bee4ed5b1e2dc6fd2f69f38606f7c4bcf3f40d7813a0	C1
tests/accuracy/verdict_model/rulings.tsv	0b8a75b4f8b3135e30d385f5a1472db823649d100e6d3e45634f8207835df3bd	C2
