path	sha256	change
tests/accuracy/kit/fixtures/seed-goldens/coverage.json	d9697f22590b15cf61b43ee3d59e0487fcacc1ea6ac5748cdc0440b6e2147d5e	K1
tests/accuracy/kit/fixtures/seed-goldens/coverage.sarif	295707b5fb9fe08c4dcc041fb19df304b59e12b9402b2bc40a08a7e7bf2a2e24	K1
tests/accuracy/kit/fixtures/seed-goldens/doctor.json	c7b9459b3fbaa007a58b92a5c962a28a94d579888b21ee34fe42434d4cfb85ef	K1
tests/accuracy/kit/fixtures/seed-goldens/duplication.json	0915248c4d57fd34cfa813e35fbf9520382726e910aaac4540914a368bad1cb9	K1
tests/accuracy/kit/fixtures/seed-goldens/inventory.tsv	dda48e36f4be4ae90c19d7f43d5b4cc635c36df3a9b84a507690121be021330f	K1
tests/accuracy/kit/fixtures/seed-goldens/inventory.txt	b1364ff4a2ece21109cf38f1b69863681f277bec61fd9d4fa873ec83e6bf3bcd	K1
tests/accuracy/kit/fixtures/seed-goldens/next-item.json	cbbe830e3a8299af1b99705e1a20f96707135118418aabd4ce6a3b75a4950c47	K1
tests/accuracy/kit/fixtures/seed-goldens/report.html	2c3da93c5338c071cc537f350217058f846b8abcc1d2fa2611a5e01b207ed597	K1
tests/accuracy/kit/fixtures/seed-goldens/report.txt	9e2cc81b41fb522d6f49e527567ecfd6a9c2bae5074bad9cd486159fb3fc9560	K1
tests/accuracy/kit/fixtures/seed-goldens/runs.json	b4bacaacfd2dfb34262b6345ca15844c555b0f54b96e605535af16c3ecda610d	K1
tests/accuracy/kit/fixtures/seed-goldens/scored.tsv	b8d55e04a168f66d7fc9db79f9498caf065087a0f071a897d7dd866cc468aff3	K1
tests/accuracy/kit/fixtures/seed-goldens/trend.json	ee8ca8e7adc3927a3ce5431c67c973779f5eced267ba464eb47becf252acfbcf	K1
tests/accuracy/kit/fixtures/seed-goldens/worklist.json	866fd7c0c88861c9f5fd21c7c5e1eda901b9318cf98de3eee1d8c57519815ad6	K1
tests/accuracy/kit/fixtures/seed-goldens/worklist.txt	89d3fb62772080887712096f61f4dd4d937b1fcfd1625e395bf77112a4180e7d	K1
