path	sha256	change
tests/accuracy/kit/fixtures/seed-goldens/coverage.json	33db482e5b3766c74e542e07b737c5bbf9e9774594655f4d72439e8ef97df96a	K4
tests/accuracy/kit/fixtures/seed-goldens/coverage.sarif	39ace4dd036294a6103d6ba08406b4ca914578bcfac63333bea16343df2bf212	K4
tests/accuracy/kit/fixtures/seed-goldens/doctor.json	b05ff821987e75474aa5a74ef2c21730b3268420f538eca1e6579bdb9b002b74	K4
tests/accuracy/kit/fixtures/seed-goldens/duplication.json	0915248c4d57fd34cfa813e35fbf9520382726e910aaac4540914a368bad1cb9	K1
tests/accuracy/kit/fixtures/seed-goldens/inventory.tsv	dda48e36f4be4ae90c19d7f43d5b4cc635c36df3a9b84a507690121be021330f	K1
tests/accuracy/kit/fixtures/seed-goldens/inventory.txt	154af596bad2848db36b939728f47f2b85e496068271f3f1f98ae43660f5f27c	K2
tests/accuracy/kit/fixtures/seed-goldens/next-item.json	9ee799d23a5f3047e2527077aa57a95d4654b3d6af0490df363173fbc06356b7	K2
tests/accuracy/kit/fixtures/seed-goldens/report.html	936c5703faad2c12c592d430425c2c2383c39d4f29ad6eb7a6233dbfb2efbdf3	K3
tests/accuracy/kit/fixtures/seed-goldens/report.txt	9e2cc81b41fb522d6f49e527567ecfd6a9c2bae5074bad9cd486159fb3fc9560	K1
tests/accuracy/kit/fixtures/seed-goldens/runs.json	244f41e5b97172276f9c83d94bfc8b90b2433feb292e1dd5d749fcea8a9950d0	K2
tests/accuracy/kit/fixtures/seed-goldens/scored.tsv	b8d55e04a168f66d7fc9db79f9498caf065087a0f071a897d7dd866cc468aff3	K1
tests/accuracy/kit/fixtures/seed-goldens/trend.json	ed33c29f4b11bfd2ef67c737210ba3cc0e202e913247abf649a53a392128b00e	K2
tests/accuracy/kit/fixtures/seed-goldens/worklist.json	246aad8aec4fcb38ae2a6d59a879fd71165ed484cddbdafc6f4c7c86df670feb	K2
tests/accuracy/kit/fixtures/seed-goldens/worklist.txt	b7093dd5b8679c5d896ef47bcb91f32505e4e129aca10693dabeae1009704a7c	K2
