{
  "name": "crapkit-deploy-harness-core",
  "lockfileVersion": 3,
  "requires": true,
  "packages": {
    "": {
      "name": "crapkit-deploy-harness-core",
      "dependencies": {
        "@anthropic-ai/claude-code": "2.1.281",
        "@openai/codex": "0.156.1",
        "claude-code-2.1.138": "npm:@anthropic-ai/claude-code@2.1.138",
        "claude-code-2.1.139": "npm:@anthropic-ai/claude-code@2.1.139",
        "codex-0.121.0": "npm:@openai/codex@0.121.0",
        "codex-0.131.0": "npm:@openai/codex@0.131.0"
      }
    },
    "node_modules/@anthropic-ai/claude-code": {
      "version": "2.1.281",
      "resolved": "https://registry.npmjs.org/@anthropic-ai/claude-code/-/claude-code-2.1.281.tgz",
      "integrity": "sha512-sldhFsGqOnGA8pfOMLjyc+Sc331VkZ1TsP1sdpvMeVFYBikC5x53miTCsnTiE6Bio74IYPn7BIzTNbHcRp5fXQ==",
      "hasInstallScript": true,
      "bin": {
        "claude": "bin/claude.exe"
      },
      "engines": {
        "node": ">=22.0.0"
      },
      "optionalDependencies": {
        "@anthropic-ai/claude-code-darwin-arm64": "2.1.281",
        "@anthropic-ai/claude-code-darwin-x64": "2.1.281",
        "@anthropic-ai/claude-code-linux-arm64": "2.1.281",
        "@anthropic-ai/claude-code-linux-arm64-musl": "2.1.281",
        "@anthropic-ai/claude-code-linux-x64": "2.1.281",
        "@anthropic-ai/claude-code-linux-x64-musl": "2.1.281",
        "@anthropic-ai/claude-code-win32-arm64": "2.1.281",
        "@anthropic-ai/claude-code-win32-x64": "2.1.281"
      }
    },
    "node_modules/@anthropic-ai/claude-code-darwin-arm64": {
      "version": "2.1.281",
      "resolved": "https://registry.npmjs.org/@anthropic-ai/claude-code-darwin-arm64/-/claude-code-darwin-arm64-2.1.281.tgz",
      "integrity": "sha512-rEI/YGBDX4YTfdq5w1B86NicoLgpFHGp4IrKM6sDrmUemruePSXF7ybICthHClIsRY8a/Kp7PQ6UJah1VWTbSA==",
      "cpu": [
        "arm64"
      ],
      "optional": true,
      "os": [
        "darwin"
      ]
    },
    "node_modules/@anthropic-ai/claude-code-darwin-x64": {
      "version": "2.1.281",
      "resolved": "https://registry.npmjs.org/@anthropic-ai/claude-code-darwin-x64/-/claude-code-darwin-x64-2.1.281.tgz",
      "integrity": "sha512-nGJBmWAMlyHAlf0i/vwBzjvTfEC86KcGZT4VNlpInL03jufnBztZr8+ILcXcwg5h94McpmvI/tu8lgHJtHKLVQ==",
      "cpu": [
        "x64"
      ],
      "optional": true,
      "os": [
        "darwin"
      ]
    },
    "node_modules/@anthropic-ai/claude-code-linux-arm64": {
      "version": "2.1.281",
      "resolved": "https://registry.npmjs.org/@anthropic-ai/claude-code-linux-arm64/-/claude-code-linux-arm64-2.1.281.tgz",
      "integrity": "sha512-xY37iXJ+v6izc2yArEUD8T3d7S45GIztzsSW+fWv8KB63buuO1qhN6Eqzq2yR3RqWBMjwiRL/BbkLB8FZWBsXw==",
      "cpu": [
        "arm64"
      ],
      "optional": true,
      "os": [
        "linux"
      ]
    },
    "node_modules/@anthropic-ai/claude-code-linux-arm64-musl": {
      "version": "2.1.281",
      "resolved": "https://registry.npmjs.org/@anthropic-ai/claude-code-linux-arm64-musl/-/claude-code-linux-arm64-musl-2.1.281.tgz",
      "integrity": "sha512-prPxIRpyi75pnUOVugK4hSW6i1FONp9XMUuVSOmt/OSEZuurVqySj8UBjGM8RdDwZGuaK4F0dd3h8iylZIuE0g==",
      "cpu": [
        "arm64"
      ],
      "optional": true,
      "os": [
        "linux"
      ]
    },
    "node_modules/@anthropic-ai/claude-code-linux-x64": {
      "version": "2.1.281",
      "resolved": "https://registry.npmjs.org/@anthropic-ai/claude-code-linux-x64/-/claude-code-linux-x64-2.1.281.tgz",
      "integrity": "sha512-Z7ld7AE2AtvghO0qlNFBGD8S2w+nPVUk8uq4UprAUKJr6HHavXm605iGhbzSOTgXu3F/y540JHVUW9ON87w4IQ==",
      "cpu": [
        "x64"
      ],
      "optional": true,
      "os": [
        "linux"
      ]
    },
    "node_modules/@anthropic-ai/claude-code-linux-x64-musl": {
      "version": "2.1.281",
      "resolved": "https://registry.npmjs.org/@anthropic-ai/claude-code-linux-x64-musl/-/claude-code-linux-x64-musl-2.1.281.tgz",
      "integrity": "sha512-4eiBWD03AyGuuvMN7xyMFKhrToSaVi79Vi0R+K79gS7+XeSn2O8Oc7U44I3gX9ziqHsN82Puk2Ju2QAhLxKoYQ==",
      "cpu": [
        "x64"
      ],
      "optional": true,
      "os": [
        "linux"
      ]
    },
    "node_modules/@anthropic-ai/claude-code-win32-arm64": {
      "version": "2.1.281",
      "resolved": "https://registry.npmjs.org/@anthropic-ai/claude-code-win32-arm64/-/claude-code-win32-arm64-2.1.281.tgz",
      "integrity": "sha512-mPY+B6CSUVIFPvJld+BEaMYHE1/qdReoy73+gyXitI+rTmTUvnL5Aa21eXbox714naQZct8Ym2vgQS/yLQdq0Q==",
      "cpu": [
        "arm64"
      ],
      "optional": true,
      "os": [
        "win32"
      ]
    },
    "node_modules/@anthropic-ai/claude-code-win32-x64": {
      "version": "2.1.281",
      "resolved": "https://registry.npmjs.org/@anthropic-ai/claude-code-win32-x64/-/claude-code-win32-x64-2.1.281.tgz",
      "integrity": "sha512-IP2nJlr02d9BRQCTf2ErZD78pemjcQ3h0tg16AY+e8i5+42FGZELUdB1wzf4066QJQvpU7BgFpSt0KiHq3SQZA==",
      "cpu": [
        "x64"
      ],
      "optional": true,
      "os": [
        "win32"
      ]
    },
    "node_modules/@openai/codex": {
      "version": "0.156.1",
      "resolved": "https://registry.npmjs.org/@openai/codex/-/codex-0.156.1.tgz",
      "integrity": "sha512-nI1iVl/n2SO2lSvlwEsJx63zdSI4C4Me2gR7AG0OWMJiGSakz2tY2hx43E39Zq5aEoeB5bZjJXzp5Sqhog6vyA==",
      "bin": {
        "codex": "bin/codex.js"
      },
      "engines": {
        "node": ">=16"
      },
      "optionalDependencies": {
        "@openai/codex-darwin-arm64": "npm:@openai/codex@0.156.1-darwin-arm64",
        "@openai/codex-darwin-x64": "npm:@openai/codex@0.156.1-darwin-x64",
        "@openai/codex-linux-arm64": "npm:@openai/codex@0.156.1-linux-arm64",
        "@openai/codex-linux-x64": "npm:@openai/codex@0.156.1-linux-x64",
        "@openai/codex-win32-arm64": "npm:@openai/codex@0.156.1-win32-arm64",
        "@openai/codex-win32-x64": "npm:@openai/codex@0.156.1-win32-x64"
      }
    },
    "node_modules/@openai/codex-darwin-arm64": {
      "name": "@openai/codex",
      "version": "0.156.1-darwin-arm64",
      "resolved": "https://registry.npmjs.org/@openai/codex/-/codex-0.156.1-darwin-arm64.tgz",
      "integrity": "sha512-Jg6wbdV+wmMZczhwE74GSxOYEZlViKXn6KyCw/yfrz3PAKFD14xljuPopmdhWC1+8IKU2WdN5fdmXNPt2q4HPA==",
      "cpu": [
        "arm64"
      ],
      "optional": true,
      "os": [
        "darwin"
      ],
      "engines": {
        "node": ">=16"
      }
    },
    "node_modules/@openai/codex-darwin-x64": {
      "name": "@openai/codex",
      "version": "0.156.1-darwin-x64",
      "resolved": "https://registry.npmjs.org/@openai/codex/-/codex-0.156.1-darwin-x64.tgz",
      "integrity": "sha512-BVjqNOoltWrnNUrgMRepvDIIBmd4XY+ikAE4pYVHlrwiizNlEWQuCQOTrFMJKp54LFRG8jDTjLZyYQ1QrliuOg==",
      "cpu": [
        "x64"
      ],
      "optional": true,
      "os": [
        "darwin"
      ],
      "engines": {
        "node": ">=16"
      }
    },
    "node_modules/@openai/codex-linux-arm64": {
      "name": "@openai/codex",
      "version": "0.156.1-linux-arm64",
      "resolved": "https://registry.npmjs.org/@openai/codex/-/codex-0.156.1-linux-arm64.tgz",
      "integrity": "sha512-sTEHk31C12dqzJdjZ2u9KLFCXKL04KyCM+QheSjdQI8uzmVJS7aEF2/qAqFxXwk/jwMzC9u7IihfoIlAGR6YsA==",
      "cpu": [
        "arm64"
      ],
      "optional": true,
      "os": [
        "linux"
      ],
      "engines": {
        "node": ">=16"
      }
    },
    "node_modules/@openai/codex-linux-x64": {
      "name": "@openai/codex",
      "version": "0.156.1-linux-x64",
      "resolved": "https://registry.npmjs.org/@openai/codex/-/codex-0.156.1-linux-x64.tgz",
      "integrity": "sha512-2ePo0wgOcnONKsuzp8vBjOmNY+IdsKaouaDDIdiKq9HOWNuV/GI22OeXft2A/1GaoL71ictO0/pLAsCEnQ6wew==",
      "cpu": [
        "x64"
      ],
      "optional": true,
      "os": [
        "linux"
      ],
      "engines": {
        "node": ">=16"
      }
    },
    "node_modules/@openai/codex-win32-arm64": {
      "name": "@openai/codex",
      "version": "0.156.1-win32-arm64",
      "resolved": "https://registry.npmjs.org/@openai/codex/-/codex-0.156.1-win32-arm64.tgz",
      "integrity": "sha512-e5DsyOHlKWulTBz/neIczpcYLQDqtaLtBj2lgncOgeQw5mlAQVZHlGvKsoKVcEPUKLb8opIMJBxXi6cz3JJ4hg==",
      "cpu": [
        "arm64"
      ],
      "optional": true,
      "os": [
        "win32"
      ],
      "engines": {
        "node": ">=16"
      }
    },
    "node_modules/@openai/codex-win32-x64": {
      "name": "@openai/codex",
      "version": "0.156.1-win32-x64",
      "resolved": "https://registry.npmjs.org/@openai/codex/-/codex-0.156.1-win32-x64.tgz",
      "integrity": "sha512-MJyLxbBs2zzp5kbaR/99Zwe7SmbrwUkveTcT+ayYlO48V0nYh0eU+h2lalBwvC7VJ/ya/bXnUtISJfJKhGCD/g==",
      "cpu": [
        "x64"
      ],
      "optional": true,
      "os": [
        "win32"
      ],
      "engines": {
        "node": ">=16"
      }
    },
    "node_modules/claude-code-2.1.138": {
      "name": "@anthropic-ai/claude-code",
      "version": "2.1.138",
      "resolved": "https://registry.npmjs.org/@anthropic-ai/claude-code/-/claude-code-2.1.138.tgz",
      "integrity": "sha512-1W43po9BFdeoU/e+sKbLblrtOkx1bSJ+SAM4KtSNtMNN8dRFTejHLk4oBin6I66dbx0zifzxwEk6b+NeL6wu3g==",
      "hasInstallScript": true,
      "bin": {
        "claude": "bin/claude.exe"
      },
      "engines": {
        "node": ">=18.0.0"
      },
      "optionalDependencies": {
        "@anthropic-ai/claude-code-darwin-arm64": "2.1.138",
        "@anthropic-ai/claude-code-darwin-x64": "2.1.138",
        "@anthropic-ai/claude-code-linux-arm64": "2.1.138",
        "@anthropic-ai/claude-code-linux-arm64-musl": "2.1.138",
        "@anthropic-ai/claude-code-linux-x64": "2.1.138",
        "@anthropic-ai/claude-code-linux-x64-musl": "2.1.138",
        "@anthropic-ai/claude-code-win32-arm64": "2.1.138",
        "@anthropic-ai/claude-code-win32-x64": "2.1.138"
      }
    },
    "node_modules/claude-code-2.1.138/node_modules/@anthropic-ai/claude-code-darwin-arm64": {
      "version": "2.1.138",
      "resolved": "https://registry.npmjs.org/@anthropic-ai/claude-code-darwin-arm64/-/claude-code-darwin-arm64-2.1.138.tgz",
      "integrity": "sha512-xksuMMRvBPx4Zp5vyqHQqi+JkU0s/0+kdFXmoQEuJtRJSSDYaNeYEPVqvot2V3vvJOcjO+7KVr66rpcPdjRDTQ==",
      "cpu": [
        "arm64"
      ],
      "optional": true,
      "os": [
        "darwin"
      ]
    },
    "node_modules/claude-code-2.1.138/node_modules/@anthropic-ai/claude-code-darwin-x64": {
      "version": "2.1.138",
      "resolved": "https://registry.npmjs.org/@anthropic-ai/claude-code-darwin-x64/-/claude-code-darwin-x64-2.1.138.tgz",
      "integrity": "sha512-hPzS8cpFKNRWtL3iSYX5V9jsrRLouH59e6KrovnfAbstQK1xz14zIcvcxXX5rQUfYACXzcUwqU254sj/u8BjTA==",
      "cpu": [
        "x64"
      ],
      "optional": true,
      "os": [
        "darwin"
      ]
    },
    "node_modules/claude-code-2.1.138/node_modules/@anthropic-ai/claude-code-linux-arm64": {
      "version": "2.1.138",
      "resolved": "https://registry.npmjs.org/@anthropic-ai/claude-code-linux-arm64/-/claude-code-linux-arm64-2.1.138.tgz",
      "integrity": "sha512-WizGav9up41f9EfPc6hwfC8IfL1gsdLjD3P6S87mOdVV1j8WHv/kyJEH0z9ErIb8GR7SlVX2e28wSbuPYMMCKA==",
      "cpu": [
        "arm64"
      ],
      "optional": true,
      "os": [
        "linux"
      ]
    },
    "node_modules/claude-code-2.1.138/node_modules/@anthropic-ai/claude-code-linux-arm64-musl": {
      "version": "2.1.138",
      "resolved": "https://registry.npmjs.org/@anthropic-ai/claude-code-linux-arm64-musl/-/claude-code-linux-arm64-musl-2.1.138.tgz",
      "integrity": "sha512-GvFWX+35KOtrA2mkQfuCm3r/2IkPoKaokU/MeS1NhGY4zALoplQnDdcc1XjRO1Lil+17YxeIrRx+z4K6Y+7Mzw==",
      "cpu": [
        "arm64"
      ],
      "optional": true,
      "os": [
        "linux"
      ]
    },
    "node_modules/claude-code-2.1.138/node_modules/@anthropic-ai/claude-code-linux-x64": {
      "version": "2.1.138",
      "resolved": "https://registry.npmjs.org/@anthropic-ai/claude-code-linux-x64/-/claude-code-linux-x64-2.1.138.tgz",
      "integrity": "sha512-ItNAQka/Nu4Q7Qq2jTM1+sN1dk13fcAe1JoiyWPxF63PB5hxcYe8dRfC7vH+5d/aPtJ5CQBE60tHCpf7xcKPxw==",
      "cpu": [
        "x64"
      ],
      "optional": true,
      "os": [
        "linux"
      ]
    },
    "node_modules/claude-code-2.1.138/node_modules/@anthropic-ai/claude-code-linux-x64-musl": {
      "version": "2.1.138",
      "resolved": "https://registry.npmjs.org/@anthropic-ai/claude-code-linux-x64-musl/-/claude-code-linux-x64-musl-2.1.138.tgz",
      "integrity": "sha512-nOtQZcqTDGph/UVBNvzWgWnLU3GW4l+5apPEdDQPGYa8NLfdht/0FXdWuH+fxfNkow2J+no+UKDy2OZ+rAet0A==",
      "cpu": [
        "x64"
      ],
      "optional": true,
      "os": [
        "linux"
      ]
    },
    "node_modules/claude-code-2.1.138/node_modules/@anthropic-ai/claude-code-win32-arm64": {
      "version": "2.1.138",
      "resolved": "https://registry.npmjs.org/@anthropic-ai/claude-code-win32-arm64/-/claude-code-win32-arm64-2.1.138.tgz",
      "integrity": "sha512-1nj96S8Y7F0nM5ton7bU0KxTA4V6QaNOrIInbLdghqZbf0eLryBjaCrEyMn2SqTTnMox5fEHzghPwrf6TxmNiw==",
      "cpu": [
        "arm64"
      ],
      "optional": true,
      "os": [
        "win32"
      ]
    },
    "node_modules/claude-code-2.1.138/node_modules/@anthropic-ai/claude-code-win32-x64": {
      "version": "2.1.138",
      "resolved": "https://registry.npmjs.org/@anthropic-ai/claude-code-win32-x64/-/claude-code-win32-x64-2.1.138.tgz",
      "integrity": "sha512-G9CQA5k809OjnZHSkyM6d8/gumf6QG/m21gNOk4ragipG5CnN5n5hoUQJkxKxlqGDtpmtTTNfW50mtAVh4PeLQ==",
      "cpu": [
        "x64"
      ],
      "optional": true,
      "os": [
        "win32"
      ]
    },
    "node_modules/claude-code-2.1.139": {
      "name": "@anthropic-ai/claude-code",
      "version": "2.1.139",
      "resolved": "https://registry.npmjs.org/@anthropic-ai/claude-code/-/claude-code-2.1.139.tgz",
      "integrity": "sha512-I8SZmO4844GYXGALBZc+NPuFr38yA9OlsoMPMzU1Txxk3uCHnlOFA1FlcUayZ/Z8j7gv/O9LPB+WiIcp9Ynlaw==",
      "hasInstallScript": true,
      "bin": {
        "claude": "bin/claude.exe"
      },
      "engines": {
        "node": ">=18.0.0"
      },
      "optionalDependencies": {
        "@anthropic-ai/claude-code-darwin-arm64": "2.1.139",
        "@anthropic-ai/claude-code-darwin-x64": "2.1.139",
        "@anthropic-ai/claude-code-linux-arm64": "2.1.139",
        "@anthropic-ai/claude-code-linux-arm64-musl": "2.1.139",
        "@anthropic-ai/claude-code-linux-x64": "2.1.139",
        "@anthropic-ai/claude-code-linux-x64-musl": "2.1.139",
        "@anthropic-ai/claude-code-win32-arm64": "2.1.139",
        "@anthropic-ai/claude-code-win32-x64": "2.1.139"
      }
    },
    "node_modules/claude-code-2.1.139/node_modules/@anthropic-ai/claude-code-darwin-arm64": {
      "version": "2.1.139",
      "resolved": "https://registry.npmjs.org/@anthropic-ai/claude-code-darwin-arm64/-/claude-code-darwin-arm64-2.1.139.tgz",
      "integrity": "sha512-2OnJCrL/LO8GgfgKBrmTwLhiC9S/UJbbEpeP5oz44InbhREhFU4rFuRc49pmDyUmT5yje8dNJ00ZVXiXnOOOVw==",
      "cpu": [
        "arm64"
      ],
      "optional": true,
      "os": [
        "darwin"
      ]
    },
    "node_modules/claude-code-2.1.139/node_modules/@anthropic-ai/claude-code-darwin-x64": {
      "version": "2.1.139",
      "resolved": "https://registry.npmjs.org/@anthropic-ai/claude-code-darwin-x64/-/claude-code-darwin-x64-2.1.139.tgz",
      "integrity": "sha512-7Wt45d4e0V6SZHq5TgDA+5Jm1uBztRQ1wzqbPe5atmf8S12RLK0d2r5h50YK1HsUqQvdvRmZBnvSvz2QFrFjBQ==",
      "cpu": [
        "x64"
      ],
      "optional": true,
      "os": [
        "darwin"
      ]
    },
    "node_modules/claude-code-2.1.139/node_modules/@anthropic-ai/claude-code-linux-arm64": {
      "version": "2.1.139",
      "resolved": "https://registry.npmjs.org/@anthropic-ai/claude-code-linux-arm64/-/claude-code-linux-arm64-2.1.139.tgz",
      "integrity": "sha512-xE3s+MSxm1n9Ywq5+L83eBsv+bJNy77MEUE8au49+bwD8/LQP07gO6YP9PFTbpwMvUe4aQKwKXG16uGj1ABvHg==",
      "cpu": [
        "arm64"
      ],
      "optional": true,
      "os": [
        "linux"
      ]
    },
    "node_modules/claude-code-2.1.139/node_modules/@anthropic-ai/claude-code-linux-arm64-musl": {
      "version": "2.1.139",
      "resolved": "https://registry.npmjs.org/@anthropic-ai/claude-code-linux-arm64-musl/-/claude-code-linux-arm64-musl-2.1.139.tgz",
      "integrity": "sha512-HAU7n0ZMLmYQkKGuUyzp+W0RXtgtEZ+o0hgPwxt/wA3ox2HpOaqwTXgPEcprrGVTWImMXwt/YxNwqSGsPn7JVA==",
      "cpu": [
        "arm64"
      ],
      "optional": true,
      "os": [
        "linux"
      ]
    },
    "node_modules/claude-code-2.1.139/node_modules/@anthropic-ai/claude-code-linux-x64": {
      "version": "2.1.139",
      "resolved": "https://registry.npmjs.org/@anthropic-ai/claude-code-linux-x64/-/claude-code-linux-x64-2.1.139.tgz",
      "integrity": "sha512-BwfSmFhas8MkOtYweY23gHPJTasHzklDSBGqWaae/ObTmk7swiz6NYSaP7DEbrWa1WSl3PTgduFq9/fJVhYNGQ==",
      "cpu": [
        "x64"
      ],
      "optional": true,
      "os": [
        "linux"
      ]
    },
    "node_modules/claude-code-2.1.139/node_modules/@anthropic-ai/claude-code-linux-x64-musl": {
      "version": "2.1.139",
      "resolved": "https://registry.npmjs.org/@anthropic-ai/claude-code-linux-x64-musl/-/claude-code-linux-x64-musl-2.1.139.tgz",
      "integrity": "sha512-Y+weBppaTayuHOR2PuYE7p9aY1R6wPo2v2qB2tkWgvnazUDxlEgSdUxM/zMNeW27UHFmcFizt/ILW71VrAYEHg==",
      "cpu": [
        "x64"
      ],
      "optional": true,
      "os": [
        "linux"
      ]
    },
    "node_modules/claude-code-2.1.139/node_modules/@anthropic-ai/claude-code-win32-arm64": {
      "version": "2.1.139",
      "resolved": "https://registry.npmjs.org/@anthropic-ai/claude-code-win32-arm64/-/claude-code-win32-arm64-2.1.139.tgz",
      "integrity": "sha512-kx0ApoeuSieGDivd21EJu0nvdXH4ZVQTpQjVEimPtHXe7U4mracKJh7l/hxTQ2cKru5wVMqv1JZzfcTv7xRJ4w==",
      "cpu": [
        "arm64"
      ],
      "optional": true,
      "os": [
        "win32"
      ]
    },
    "node_modules/claude-code-2.1.139/node_modules/@anthropic-ai/claude-code-win32-x64": {
      "version": "2.1.139",
      "resolved": "https://registry.npmjs.org/@anthropic-ai/claude-code-win32-x64/-/claude-code-win32-x64-2.1.139.tgz",
      "integrity": "sha512-DfKgp68zhWWNGpeqCRKGvuYAdQ83aoa20nnVDuTt2C0dCsY+Fmw/Fjc83vdDSQScrpFtpkANwZp5j0O+/qbgsw==",
      "cpu": [
        "x64"
      ],
      "optional": true,
      "os": [
        "win32"
      ]
    },
    "node_modules/codex-0.121.0": {
      "name": "@openai/codex",
      "version": "0.121.0",
      "resolved": "https://registry.npmjs.org/@openai/codex/-/codex-0.121.0.tgz",
      "integrity": "sha512-kCJ2NeATd4QBQRmqV04ymdN1ZU3MSwnJQDm/KzjpuzGvCuUVEn7no/T2mRyxQ2x77AACqriNOyPPoM/yufyvNg==",
      "bin": {
        "codex": "bin/codex.js"
      },
      "engines": {
        "node": ">=16"
      },
      "optionalDependencies": {
        "@openai/codex-darwin-arm64": "npm:@openai/codex@0.121.0-darwin-arm64",
        "@openai/codex-darwin-x64": "npm:@openai/codex@0.121.0-darwin-x64",
        "@openai/codex-linux-arm64": "npm:@openai/codex@0.121.0-linux-arm64",
        "@openai/codex-linux-x64": "npm:@openai/codex@0.121.0-linux-x64",
        "@openai/codex-win32-arm64": "npm:@openai/codex@0.121.0-win32-arm64",
        "@openai/codex-win32-x64": "npm:@openai/codex@0.121.0-win32-x64"
      }
    },
    "node_modules/codex-0.121.0/node_modules/@openai/codex-darwin-arm64": {
      "name": "@openai/codex",
      "version": "0.121.0-darwin-arm64",
      "resolved": "https://registry.npmjs.org/@openai/codex/-/codex-0.121.0-darwin-arm64.tgz",
      "integrity": "sha512-ZyBqIB6Fb4I0hGb/h65Vu7ePYjHSmGiqqfm+/1djEuxDPkqjfi4wkxYxNYNY+6najyNGN4UijOSTTf19eDCrqw==",
      "cpu": [
        "arm64"
      ],
      "optional": true,
      "os": [
        "darwin"
      ],
      "engines": {
        "node": ">=16"
      }
    },
    "node_modules/codex-0.121.0/node_modules/@openai/codex-darwin-x64": {
      "name": "@openai/codex",
      "version": "0.121.0-darwin-x64",
      "resolved": "https://registry.npmjs.org/@openai/codex/-/codex-0.121.0-darwin-x64.tgz",
      "integrity": "sha512-1/OAtdkAZ5yPI3xqaEFlHuPziS1yCqL2gOZdswE7HTmmwpIxi6Z3FCo60JWDPluIp89z4tftdjq73/OCN0YVcw==",
      "cpu": [
        "x64"
      ],
      "optional": true,
      "os": [
        "darwin"
      ],
      "engines": {
        "node": ">=16"
      }
    },
    "node_modules/codex-0.121.0/node_modules/@openai/codex-linux-arm64": {
      "name": "@openai/codex",
      "version": "0.121.0-linux-arm64",
      "resolved": "https://registry.npmjs.org/@openai/codex/-/codex-0.121.0-linux-arm64.tgz",
      "integrity": "sha512-2UgMmdo237o7SCMsfb529cOSEM2HFUgN6OBkv5SBLwfNY1NO2Ex6JnUjlppEXlX6/4cXfZ5qjDghVz5j/+B9zw==",
      "cpu": [
        "arm64"
      ],
      "optional": true,
      "os": [
        "linux"
      ],
      "engines": {
        "node": ">=16"
      }
    },
    "node_modules/codex-0.121.0/node_modules/@openai/codex-linux-x64": {
      "name": "@openai/codex",
      "version": "0.121.0-linux-x64",
      "resolved": "https://registry.npmjs.org/@openai/codex/-/codex-0.121.0-linux-x64.tgz",
      "integrity": "sha512-vlpNJXIqss800J+32Vy7TUZzv31n61b45OLxmsVQGFkTNLJcjFrj9jDUC7I62eC4F16gLioilefNfv4CdJQOEw==",
      "cpu": [
        "x64"
      ],
      "optional": true,
      "os": [
        "linux"
      ],
      "engines": {
        "node": ">=16"
      }
    },
    "node_modules/codex-0.121.0/node_modules/@openai/codex-win32-arm64": {
      "name": "@openai/codex",
      "version": "0.121.0-win32-arm64",
      "resolved": "https://registry.npmjs.org/@openai/codex/-/codex-0.121.0-win32-arm64.tgz",
      "integrity": "sha512-m88q4f3XI5npn1t6OG0nWGHWWAjO5FgjRwxh4hdujbLO6t9CiCNfhfPZIOSsoATbrCNwLC+6S77m3cjbNToPNg==",
      "cpu": [
        "arm64"
      ],
      "optional": true,
      "os": [
        "win32"
      ],
      "engines": {
        "node": ">=16"
      }
    },
    "node_modules/codex-0.121.0/node_modules/@openai/codex-win32-x64": {
      "name": "@openai/codex",
      "version": "0.121.0-win32-x64",
      "resolved": "https://registry.npmjs.org/@openai/codex/-/codex-0.121.0-win32-x64.tgz",
      "integrity": "sha512-Fp0ecVOyM+VcBi/y4HVvRzhifO9YqRiHzhV3rhtAppC7flh22WPguLC4kmvXYAR0p3RPzbo35M2CedWnkOT+cw==",
      "cpu": [
        "x64"
      ],
      "optional": true,
      "os": [
        "win32"
      ],
      "engines": {
        "node": ">=16"
      }
    },
    "node_modules/codex-0.131.0": {
      "name": "@openai/codex",
      "version": "0.131.0",
      "resolved": "https://registry.npmjs.org/@openai/codex/-/codex-0.131.0.tgz",
      "integrity": "sha512-5/fNFAotnPaNSX1jGAAGgWk65HGZupWPnka+DzXdoNzl78RGw0eGpOjpowF+dtPRTEvdwt0U8qoptUjtefitBQ==",
      "license": "Apache-2.0",
      "bin": {
        "codex": "bin/codex.js"
      },
      "engines": {
        "node": ">=16"
      },
      "optionalDependencies": {
        "@openai/codex-darwin-arm64": "npm:@openai/codex@0.131.0-darwin-arm64",
        "@openai/codex-darwin-x64": "npm:@openai/codex@0.131.0-darwin-x64",
        "@openai/codex-linux-arm64": "npm:@openai/codex@0.131.0-linux-arm64",
        "@openai/codex-linux-x64": "npm:@openai/codex@0.131.0-linux-x64",
        "@openai/codex-win32-arm64": "npm:@openai/codex@0.131.0-win32-arm64",
        "@openai/codex-win32-x64": "npm:@openai/codex@0.131.0-win32-x64"
      }
    },
    "node_modules/codex-0.131.0/node_modules/@openai/codex-darwin-arm64": {
      "name": "@openai/codex",
      "version": "0.131.0-darwin-arm64",
      "resolved": "https://registry.npmjs.org/@openai/codex/-/codex-0.131.0-darwin-arm64.tgz",
      "integrity": "sha512-e4EZ7XjK1zrkW65nZdhCqQFVKd/zt/of26w4L32wcfibzKE15/Lw2i3FGTD9ufUUqVzF+gowu/lEiBRvDoh21w==",
      "cpu": [
        "arm64"
      ],
      "license": "Apache-2.0",
      "optional": true,
      "os": [
        "darwin"
      ],
      "engines": {
        "node": ">=16"
      }
    },
    "node_modules/codex-0.131.0/node_modules/@openai/codex-darwin-x64": {
      "name": "@openai/codex",
      "version": "0.131.0-darwin-x64",
      "resolved": "https://registry.npmjs.org/@openai/codex/-/codex-0.131.0-darwin-x64.tgz",
      "integrity": "sha512-BkFwUVU+yJhw5a85p1oagiSjkRvBs9Xp1b1q1Qbvg4Y9Chtatj4SjI7HRjH5uespNs/Wnh48cMnTsxkAILqlBw==",
      "cpu": [
        "x64"
      ],
      "license": "Apache-2.0",
      "optional": true,
      "os": [
        "darwin"
      ],
      "engines": {
        "node": ">=16"
      }
    },
    "node_modules/codex-0.131.0/node_modules/@openai/codex-linux-arm64": {
      "name": "@openai/codex",
      "version": "0.131.0-linux-arm64",
      "resolved": "https://registry.npmjs.org/@openai/codex/-/codex-0.131.0-linux-arm64.tgz",
      "integrity": "sha512-I12Ou5I5oR/nfUyMJ/D95OMm83HoXMBHdl+4YrPay/XGd9KkyMhvZxp9Es/h9x/xt8yiBIk+k0Ehtr093r8AFw==",
      "cpu": [
        "arm64"
      ],
      "license": "Apache-2.0",
      "optional": true,
      "os": [
        "linux"
      ],
      "engines": {
        "node": ">=16"
      }
    },
    "node_modules/codex-0.131.0/node_modules/@openai/codex-linux-x64": {
      "name": "@openai/codex",
      "version": "0.131.0-linux-x64",
      "resolved": "https://registry.npmjs.org/@openai/codex/-/codex-0.131.0-linux-x64.tgz",
      "integrity": "sha512-Fj9P7h3iBgjAQKzoEyUkb1Q8QMVLqaf62UzlL1jYeDhIzbDMI/gaV0tOackIGXPcfguzzORJC1g5pD9SMWqU5g==",
      "cpu": [
        "x64"
      ],
      "license": "Apache-2.0",
      "optional": true,
      "os": [
        "linux"
      ],
      "engines": {
        "node": ">=16"
      }
    },
    "node_modules/codex-0.131.0/node_modules/@openai/codex-win32-arm64": {
      "name": "@openai/codex",
      "version": "0.131.0-win32-arm64",
      "resolved": "https://registry.npmjs.org/@openai/codex/-/codex-0.131.0-win32-arm64.tgz",
      "integrity": "sha512-aGXsk8GYNFCjHYH61mVG0PulheBq6ZxZWM2BLYAJabzGarzRQpPknc60mx8mSm93BebjPkX0Wpf+0qInBPbF0w==",
      "cpu": [
        "arm64"
      ],
      "license": "Apache-2.0",
      "optional": true,
      "os": [
        "win32"
      ],
      "engines": {
        "node": ">=16"
      }
    },
    "node_modules/codex-0.131.0/node_modules/@openai/codex-win32-x64": {
      "name": "@openai/codex",
      "version": "0.131.0-win32-x64",
      "resolved": "https://registry.npmjs.org/@openai/codex/-/codex-0.131.0-win32-x64.tgz",
      "integrity": "sha512-RlIRs0hi6xIaBXWFhiPTPlz+Dfibc3pXrnVXjJtpbeYcNyBOO+SIMMVuQUswpz3RnJpsxA70dQA+05hKYraKhA==",
      "cpu": [
        "x64"
      ],
      "license": "Apache-2.0",
      "optional": true,
      "os": [
        "win32"
      ],
      "engines": {
        "node": ">=16"
      }
    }
  }
}
